github.com/allegro/bigcache/v3 v3.1.0 h1:H2Vp8VOvxcrB91o86fUSVJFqeuz8kpyyB02eH3bSzwk=
github.com/allegro/bigcache/v3 v3.1.0/go.mod h1:aPyh7jEvrog9zAwx5N7+JUQX5dZTSGpxF1LAR4dr35I=
github.com/gofiber/fiber/v2 v2.52.0 h1:S+qXi7y+/Pgvqq4FwmEFPHao+/GGGAF=
github.com/gofiber/fiber/v2 v2.52.0/go.mod h1:KEOE+cXMhXG0zHc9d8+E38hoX+ZN7bhOtgeF2oT6jrQ=
github.com/gofiber/websocket/v2 v2.2.1 h1:C9cjxvloojayVFjvN/0hRLJ2a/i4+rjNrs=
github.com/gofiber/websocket/v2 v2.2.1/go.mod h1:Ao/+nyNnX5u/hIFPuHl8qSqP7lu2+Xh+FzT9tg0Nv4=
github.com/golang-jwt/jwt/v5 v5.2.0 h1:d/ix8ftRUorsN+5eMIlF4T6J8CAt9rch3My2winC1Jw=
github.com/golang-jwt/jwt/v5 v5.2.0/go.mod h1:pqrtFR0X4osieyHYxtmOUWsAWrfe1Q5UVIyoH402zdk=
github.com/google/uuid v1.6.0 h1:NIvaJDMOsjHA8n1jAhLSgzrAzy1Hgr+hNrb57e+94F0=
github.com/google/uuid v1.6.0/go.mod h1:TIyPZe4MgqvfeYDBFedMoGGpEw/LqOeaOT+nhxU+yHo=
github.com/mattn/go-sqlite3 v1.14.22 h1:2gZY6PC6kBnID23Tichd1K+Z0oS6nE/XwU+Vz/5o4kU=
github.com/mattn/go-sqlite3 v1.14.22/go.mod h1:Uh1q+B4BYcTPb+yiD3kU8Ct7aC0hY9fxUwlHK0RXw+Y=
github.com/oschwald/geoip2-golang v1.9.0 h1:uvD3O6fXAXs+usU+UGExshpdP13GAquq=
github.com/oschwald/geoip2-golang v1.9.0/go.mod h1:BHK6TvDyATVQhKlPcVwPmqVfNeyOTTJ/VpMdiC2G/Rc=
github.com/yalue/onnxruntime_go v1.10.0 h1:1Cz3VwNH3Qbzjj8ftVGi+M8cW0M5XrCQqKXTMDTrIhw=
github.com/yalue/onnxruntime_go v1.10.0/go.mod h1:jdoR1GF7TsQ7GvE5nnXNfB0TKBwWjcKuqNXcHPSsQTg=
golang.org/x/crypto v0.18.0 h1:PGVlW0xOGHW2gdCKoJP5TfWDdXV65pCycxpY8K8gn5c=
golang.org/x/crypto v0.18.0/go.mod h1:Rks7HDfF5ycKOdT+AYTX6MEKiQ0u5Aqz0CzF9iCnYY=
gopkg.in/yaml.v3 v3.0.1 h1:fxVm/GzAzEWqLHuvctI91KS9hhNmmWOoWu0XTYJS7CA=
gopkg.in/yaml.v3 v3.0.1/go.mod h1:K4uyk7z7BCEPqu6E+C64 Voices00oA/Ri0YPRY9xAJY=

